// !$*UTF8*$!
{
	archiveVersion = 1;
	classes = {
	};
	objectVersion = 50;
	objects = {

/* Begin PBXBuildFile section */
		535DEF3925D9137A006C3049 /* PAISENApp.swift in Sources */ = {isa = PBXBuildFile; fileRef = 535DEF3825D9137A006C3049 /* PAISENApp.swift */; };
		535DEF3B25D9137A006C3049 /* ContentView.swift in Sources */ = {isa = PBXBuildFile; fileRef = 535DEF3A25D9137A006C3049 /* ContentView.swift */; };
		535DEF3D25D9137C006C3049 /* Assets.xcassets in Resources */ = {isa = PBXBuildFile; fileRef = 535DEF3C25D9137C006C3049 /* Assets.xcassets */; };
		535DEF4025D9137C006C3049 /* Preview Assets.xcassets in Resources */ = {isa = PBXBuildFile; fileRef = 535DEF3F25D9137C006C3049 /* Preview Assets.xcassets */; };
		535DEF4B25D9137D006C3049 /* PAISENTests.swift in Sources */ = {isa = PBXBuildFile; fileRef = 535DEF4A25D9137D006C3049 /* PAISENTests.swift */; };
		535DEF5625D9137D006C3049 /* PAISENUITests.swift in Sources */ = {isa = PBXBuildFile; fileRef = 535DEF5525D9137D006C3049 /* PAISENUITests.swift */; };
		5368E96C25D925DA001CFC96 /* test.swift in Sources */ = {isa = PBXBuildFile; fileRef = 5368E96B25D925DA001CFC96 /* test.swift */; };
		5368E97125D926C3001CFC96 /* test2.swift in Sources */ = {isa = PBXBuildFile; fileRef = 5368E97025D926C3001CFC96 /* test2.swift */; };
		5368E97625D92D8B001CFC96 /* File.swift in Sources */ = {isa = PBXBuildFile; fileRef = 5368E97525D92D8B001CFC96 /* File.swift */; };
		5368E97B25DAB56E001CFC96 /* test3.swift in Sources */ = {isa = PBXBuildFile; fileRef = 5368E97A25DAB56E001CFC96 /* test3.swift */; };
/* End PBXBuildFile section */

/* Begin PBXContainerItemProxy section */
		535DEF4725D9137D006C3049 /* PBXContainerItemProxy */ = {
			isa = PBXContainerItemProxy;
			containerPortal = 535DEF2D25D9137A006C3049 /* Project object */;
			proxyType = 1;
			remoteGlobalIDString = 535DEF3425D9137A006C3049;
			remoteInfo = PAISEN;
		};
		535DEF5225D9137D006C3049 /* PBXContainerItemProxy */ = {
			isa = PBXContainerItemProxy;
			containerPortal = 535DEF2D25D9137A006C3049 /* Project object */;
			proxyType = 1;
			remoteGlobalIDString = 535DEF3425D9137A006C3049;
			remoteInfo = PAISEN;
		};
/* End PBXContainerItemProxy section */

/* Begin PBXFileReference section */
		535DEF3525D9137A006C3049 /* PAISEN.app */ = {isa = PBXFileReference; explicitFileType = wrapper.application; includeInIndex = 0; path = PAISEN.app; sourceTree = BUILT_PRODUCTS_DIR; };
		535DEF3825D9137A006C3049 /* PAISENApp.swift */ = {isa = PBXFileReference; lastKnownFileType = sourcecode.swift; path = PAISENApp.swift; sourceTree = "<group>"; };
		535DEF3A25D9137A006C3049 /* ContentView.swift */ = {isa = PBXFileReference; lastKnownFileType = sourcecode.swift; path = ContentView.swift; sourceTree = "<group>"; };
		535DEF3C25D9137C006C3049 /* Assets.xcassets */ = {isa = PBXFileReference; lastKnownFileType = folder.assetcatalog; path = Assets.xcassets; sourceTree = "<group>"; };
		535DEF3F25D9137C006C3049 /* Preview Assets.xcassets */ = {isa = PBXFileReference; lastKnownFileType = folder.assetcatalog; path = "Preview Assets.xcassets"; sourceTree = "<group>"; };
		535DEF4125D9137C006C3049 /* Info.plist */ = {isa = PBXFileReference; lastKnownFileType = text.plist.xml; path = Info.plist; sourceTree = "<group>"; };
		535DEF4625D9137D006C3049 /* PAISENTests.xctest */ = {isa = PBXFileReference; explicitFileType = wrapper.cfbundle; includeInIndex = 0; path = PAISENTests.xctest; sourceTree = BUILT_PRODUCTS_DIR; };
		535DEF4A25D9137D006C3049 /* PAISENTests.swift */ = {isa = PBXFileReference; lastKnownFileType = sourcecode.swift; path = PAISENTests.swift; sourceTree = "<group>"; };
		535DEF4C25D9137D006C3049 /* Info.plist */ = {isa = PBXFileReference; lastKnownFileType = text.plist.xml; path = Info.plist; sourceTree = "<group>"; };
		535DEF5125D9137D006C3049 /* PAISENUITests.xctest */ = {isa = PBXFileReference; explicitFileType = wrapper.cfbundle; includeInIndex = 0; path = PAISENUITests.xctest; sourceTree = BUILT_PRODUCTS_DIR; };
		535DEF5525D9137D006C3049 /* PAISENUITests.swift */ = {isa = PBXFileReference; lastKnownFileType = sourcecode.swift; path = PAISENUITests.swift; sourceTree = "<group>"; };
		535DEF5725D9137D006C3049 /* Info.plist */ = {isa = PBXFileReference; lastKnownFileType = text.plist.xml; path = Info.plist; sourceTree = "<group>"; };
		5368E96B25D925DA001CFC96 /* test.swift */ = {isa = PBXFileReference; lastKnownFileType = sourcecode.swift; path = test.swift; sourceTree = "<group>"; };
		5368E97025D926C3001CFC96 /* test2.swift */ = {isa = PBXFileReference; lastKnownFileType = sourcecode.swift; path = test2.swift; sourceTree = "<group>"; };
		5368E97525D92D8B001CFC96 /* File.swift */ = {isa = PBXFileReference; lastKnownFileType = sourcecode.swift; path = File.swift; sourceTree = "<group>"; };
		5368E97A25DAB56E001CFC96 /* test3.swift */ = {isa = PBXFileReference; lastKnownFileType = sourcecode.swift; path = test3.swift; sourceTree = "<group>"; };
/* End PBXFileReference section */

/* Begin PBXFrameworksBuildPhase section */
		535DEF3225D9137A006C3049 /* Frameworks */ = {
			isa = PBXFrameworksBuildPhase;
			buildActionMask = 2147483647;
			files = (
			);
			runOnlyForDeploymentPostprocessing = 0;
		};
		535DEF4325D9137D006C3049 /* Frameworks */ = {
			isa = PBXFrameworksBuildPhase;
			buildActionMask = 2147483647;
			files = (
			);
			runOnlyForDeploymentPostprocessing = 0;
		};
		535DEF4E25D9137D006C3049 /* Frameworks */ = {
			isa = PBXFrameworksBuildPhase;
			buildActionMask = 2147483647;
			files = (
			);
			runOnlyForDeploymentPostprocessing = 0;
		};
/* End PBXFrameworksBuildPhase section */

/* Begin PBXGroup section */
		535DEF2C25D9137A006C3049 = {
			isa = PBXGroup;
			children = (
				535DEF3725D9137A006C3049 /* PAISEN */,
				535DEF4925D9137D006C3049 /* PAISENTests */,
				535DEF5425D9137D006C3049 /* PAISENUITests */,
				535DEF3625D9137A006C3049 /* Products */,
			);
			sourceTree = "<group>";
		};
		535DEF3625D9137A006C3049 /* Products */ = {
			isa = PBXGroup;
			children = (
				535DEF3525D9137A006C3049 /* PAISEN.app */,
				535DEF4625D9137D006C3049 /* PAISENTests.xctest */,
				535DEF5125D9137D006C3049 /* PAISENUITests.xctest */,
			);
			name = Products;
			sourceTree = "<group>";
		};
		535DEF3725D9137A006C3049 /* PAISEN */ = {
			isa = PBXGroup;
			children = (
				535DEF3825D9137A006C3049 /* PAISENApp.swift */,
				535DEF3A25D9137A006C3049 /* ContentView.swift */,
				535DEF3C25D9137C006C3049 /* Assets.xcassets */,
				535DEF4125D9137C006C3049 /* Info.plist */,
				535DEF3E25D9137C006C3049 /* Preview Content */,
				5368E96B25D925DA001CFC96 /* test.swift */,
				5368E97025D926C3001CFC96 /* test2.swift */,
				5368E97525D92D8B001CFC96 /* File.swift */,
				5368E97A25DAB56E001CFC96 /* test3.swift */,
			);
			path = PAISEN;
			sourceTree = "<group>";
		};
		535DEF3E25D9137C006C3049 /* Preview Content */ = {
			isa = PBXGroup;
			children = (
				535DEF3F25D9137C006C3049 /* Preview Assets.xcassets */,
			);
			path = "Preview Content";
			sourceTree = "<group>";
		};
		535DEF4925D9137D006C3049 /* PAISENTests */ = {
			isa = PBXGroup;
			children = (
				535DEF4A25D9137D006C3049 /* PAISENTests.swift */,
				535DEF4C25D9137D006C3049 /* Info.plist */,
			);
			path = PAISENTests;
			sourceTree = "<group>";
		};
		535DEF5425D9137D006C3049 /* PAISENUITests */ = {
			isa = PBXGroup;
			children = (
				535DEF5525D9137D006C3049 /* PAISENUITests.swift */,
				535DEF5725D9137D006C3049 /* Info.plist */,
			);
			path = PAISENUITests;
			sourceTree = "<group>";
		};
/* End PBXGroup section */

/* Begin PBXNativeTarget section */
		535DEF3425D9137A006C3049 /* PAISEN */ = {
			isa = PBXNativeTarget;
			buildConfigurationList = 535DEF5A25D9137D006C3049 /* Build configuration list for PBXNativeTarget "PAISEN" */;
			buildPhases = (
				535DEF3125D9137A006C3049 /* Sources */,
				535DEF3225D9137A006C3049 /* Frameworks */,
				535DEF3325D9137A006C3049 /* Resources */,
			);
			buildRules = (
			);
			dependencies = (
			);
			name = PAISEN;
			productName = PAISEN;
			productReference = 535DEF3525D9137A006C3049 /* PAISEN.app */;
			productType = "com.apple.product-type.application";
		};
		535DEF4525D9137D006C3049 /* PAISENTests */ = {
			isa = PBXNativeTarget;
			buildConfigurationList = 535DEF5D25D9137D006C3049 /* Build configuration list for PBXNativeTarget "PAISENTests" */;
			buildPhases = (
				535DEF4225D9137D006C3049 /* Sources */,
				535DEF4325D9137D006C3049 /* Frameworks */,
				535DEF4425D9137D006C3049 /* Resources */,
			);
			buildRules = (
			);
			dependencies = (
				535DEF4825D9137D006C3049 /* PBXTargetDependency */,
			);
			name = PAISENTests;
			productName = PAISENTests;
			productReference = 535DEF4625D9137D006C3049 /* PAISENTests.xctest */;
			productType = "com.apple.product-type.bundle.unit-test";
		};
		535DEF5025D9137D006C3049 /* PAISENUITests */ = {
			isa = PBXNativeTarget;
			buildConfigurationList = 535DEF6025D9137D006C3049 /* Build configuration list for PBXNativeTarget "PAISENUITests" */;
			buildPhases = (
				535DEF4D25D9137D006C3049 /* Sources */,
				535DEF4E25D9137D006C3049 /* Frameworks */,
				535DEF4F25D9137D006C3049 /* Resources */,
			);
			buildRules = (
			);
			dependencies = (
				535DEF5325D9137D006C3049 /* PBXTargetDependency */,
			);
			name = PAISENUITests;
			productName = PAISENUITests;
			productReference = 535DEF5125D9137D006C3049 /* PAISENUITests.xctest */;
			productType = "com.apple.product-type.bundle.ui-testing";
		};
/* End PBXNativeTarget section */

/* Begin PBXProject section */
		535DEF2D25D9137A006C3049 /* Project object */ = {
			isa = PBXProject;
			attributes = {
				LastSwiftUpdateCheck = 1230;
				LastUpgradeCheck = 1230;
				TargetAttributes = {
					535DEF3425D9137A006C3049 = {
						CreatedOnToolsVersion = 12.3;
					};
					535DEF4525D9137D006C3049 = {
						CreatedOnToolsVersion = 12.3;
						TestTargetID = 535DEF3425D9137A006C3049;
					};
					535DEF5025D9137D006C3049 = {
						CreatedOnToolsVersion = 12.3;
						TestTargetID = 535DEF3425D9137A006C3049;
					};
				};
			};
			buildConfigurationList = 535DEF3025D9137A006C3049 /* Build configuration list for PBXProject "PAISEN" */;
			compatibilityVersion = "Xcode 9.3";
			developmentRegion = en;
			hasScannedForEncodings = 0;
			knownRegions = (
				en,
				Base,
			);
			mainGroup = 535DEF2C25D9137A006C3049;
			productRefGroup = 535DEF3625D9137A006C3049 /* Products */;
			projectDirPath = "";
			projectRoot = "";
			targets = (
				535DEF3425D9137A006C3049 /* PAISEN */,
				535DEF4525D9137D006C3049 /* PAISENTests */,
				535DEF5025D9137D006C3049 /* PAISENUITests */,
			);
		};
/* End PBXProject section */

/* Begin PBXResourcesBuildPhase section */
		535DEF3325D9137A006C3049 /* Resources */ = {
			isa = PBXResourcesBuildPhase;
			buildActionMask = 2147483647;
			files = (
				535DEF4025D9137C006C3049 /* Preview Assets.xcassets in Resources */,
				535DEF3D25D9137C006C3049 /* Assets.xcassets in Resources */,
			);
			runOnlyForDeploymentPostprocessing = 0;
		};
		535DEF4425D9137D006C3049 /* Resources */ = {
			isa = PBXResourcesBuildPhase;
			buildActionMask = 2147483647;
			files = (
			);
			runOnlyForDeploymentPostprocessing = 0;
		};
		535DEF4F25D9137D006C3049 /* Resources */ = {
			isa = PBXResourcesBuildPhase;
			buildActionMask = 2147483647;
			files = (
			);
			runOnlyForDeploymentPostprocessing = 0;
		};
/* End PBXResourcesBuildPhase section */

/* Begin PBXSourcesBuildPhase section */
		535DEF3125D9137A006C3049 /* Sources */ = {
			isa = PBXSourcesBuildPhase;
			buildActionMask = 2147483647;
			files = (
				5368E97625D92D8B001CFC96 /* File.swift in Sources */,
				5368E97B25DAB56E001CFC96 /* test3.swift in Sources */,
				5368E97125D926C3001CFC96 /* test2.swift in Sources */,
				535DEF3B25D9137A006C3049 /* ContentView.swift in Sources */,
				5368E96C25D925DA001CFC96 /* test.swift in Sources */,
				535DEF3925D9137A006C3049 /* PAISENApp.swift in Sources */,
			);
			runOnlyForDeploymentPostprocessing = 0;
		};
		535DEF4225D9137D006C3049 /* Sources */ = {
			isa = PBXSourcesBuildPhase;
			buildActionMask = 2147483647;
			files = (
				535DEF4B25D9137D006C3049 /* PAISENTests.swift in Sources */,
			);
			runOnlyForDeploymentPostprocessing = 0;
		};
		535DEF4D25D9137D006C3049 /* Sources */ = {
			isa = PBXSourcesBuildPhase;
			buildActionMask = 2147483647;
			files = (
				535DEF5625D9137D006C3049 /* PAISENUITests.swift in Sources */,
			);
			runOnlyForDeploymentPostprocessing = 0;
		};
/* End PBXSourcesBuildPhase section */

/* Begin PBXTargetDependency section */
		535DEF4825D9137D006C3049 /* PBXTargetDependency */ = {
			isa = PBXTargetDependency;
			target = 535DEF3425D9137A006C3049 /* PAISEN */;
			targetProxy = 535DEF4725D9137D006C3049 /* PBXContainerItemProxy */;
		};
		535DEF5325D9137D006C3049 /* PBXTargetDependency */ = {
			isa = PBXTargetDependency;
			target = 535DEF3425D9137A006C3049 /* PAISEN */;
			targetProxy = 535DEF5225D9137D006C3049 /* PBXContainerItemProxy */;
		};
/* End PBXTargetDependency section */

/* Begin XCBuildConfiguration section */
		535DEF5825D9137D006C3049 /* Debug */ = {
			isa = XCBuildConfiguration;
			buildSettings = {
				ALWAYS_SEARCH_USER_PATHS = NO;
				CLANG_ANALYZER_NONNULL = YES;
				CLANG_ANALYZER_NUMBER_OBJECT_CONVERSION = YES_AGGRESSIVE;
				CLANG_CXX_LANGUAGE_STANDARD = "gnu++14";
				CLANG_CXX_LIBRARY = "libc++";
				CLANG_ENABLE_MODULES = YES;
				CLANG_ENABLE_OBJC_ARC = YES;
				CLANG_ENABLE_OBJC_WEAK = YES;
				CLANG_WARN_BLOCK_CAPTURE_AUTORELEASING = YES;
				CLANG_WARN_BOOL_CONVERSION = YES;
				CLANG_WARN_COMMA = YES;
				CLANG_WARN_CONSTANT_CONVERSION = YES;
				CLANG_WARN_DEPRECATED_OBJC_IMPLEMENTATIONS = YES;
				CLANG_WARN_DIRECT_OBJC_ISA_USAGE = YES_ERROR;
				CLANG_WARN_DOCUMENTATION_COMMENTS = YES;
				CLANG_WARN_EMPTY_BODY = YES;
				CLANG_WARN_ENUM_CONVERSION = YES;
				CLANG_WARN_INFINITE_RECURSION = YES;
				CLANG_WARN_INT_CONVERSION = YES;
				CLANG_WARN_NON_LITERAL_NULL_CONVERSION = YES;
				CLANG_WARN_OBJC_IMPLICIT_RETAIN_SELF = YES;
				CLANG_WARN_OBJC_LITERAL_CONVERSION = YES;
				CLANG_WARN_OBJC_ROOT_CLASS = YES_ERROR;
				CLANG_WARN_QUOTED_INCLUDE_IN_FRAMEWORK_HEADER = YES;
				CLANG_WARN_RANGE_LOOP_ANALYSIS = YES;
				CLANG_WARN_STRICT_PROTOTYPES = YES;
				CLANG_WARN_SUSPICIOUS_MOVE = YES;
				CLANG_WARN_UNGUARDED_AVAILABILITY = YES_AGGRESSIVE;
				CLANG_WARN_UNREACHABLE_CODE = YES;
				CLANG_WARN__DUPLICATE_METHOD_MATCH = YES;
				COPY_PHASE_STRIP = NO;
				DEBUG_INFORMATION_FORMAT = dwarf;
				ENABLE_STRICT_OBJC_MSGSEND = YES;
				ENABLE_TESTABILITY = YES;
				GCC_C_LANGUAGE_STANDARD = gnu11;
				GCC_DYNAMIC_NO_PIC = NO;
				GCC_NO_COMMON_BLOCKS = YES;
				GCC_OPTIMIZATION_LEVEL = 0;
				GCC_PREPROCESSOR_DEFINITIONS = (
					"DEBUG=1",
					"$(inherited)",
				);
				GCC_WARN_64_TO_32_BIT_CONVERSION = YES;
				GCC_WARN_ABOUT_RETURN_TYPE = YES_ERROR;
				GCC_WARN_UNDECLARED_SELECTOR = YES;
				GCC_WARN_UNINITIALIZED_AUTOS = YES_AGGRESSIVE;
				GCC_WARN_UNUSED_FUNCTION = YES;
				GCC_WARN_UNUSED_VARIABLE = YES;
				IPHONEOS_DEPLOYMENT_TARGET = 14.3;
				MTL_ENABLE_DEBUG_INFO = INCLUDE_SOURCE;
				MTL_FAST_MATH = YES;
				ONLY_ACTIVE_ARCH = YES;
				SDKROOT = iphoneos;
				SWIFT_ACTIVE_COMPILATION_CONDITIONS = DEBUG;
				SWIFT_OPTIMIZATION_LEVEL = "-Onone";
			};
			name = Debug;
		};
		535DEF5925D9137D006C3049 /* Release */ = {
			isa = XCBuildConfiguration;
			buildSettings = {
				ALWAYS_SEARCH_USER_PATHS = NO;
				CLANG_ANALYZER_NONNULL = YES;
				CLANG_ANALYZER_NUMBER_OBJECT_CONVERSION = YES_AGGRESSIVE;
				CLANG_CXX_LANGUAGE_STANDARD = "gnu++14";
				CLANG_CXX_LIBRARY = "libc++";
				CLANG_ENABLE_MODULES = YES;
				CLANG_ENABLE_OBJC_ARC = YES;
				CLANG_ENABLE_OBJC_WEAK = YES;
				CLANG_WARN_BLOCK_CAPTURE_AUTORELEASING = YES;
				CLANG_WARN_BOOL_CONVERSION = YES;
				CLANG_WARN_COMMA = YES;
				CLANG_WARN_CONSTANT_CONVERSION = YES;
				CLANG_WARN_DEPRECATED_OBJC_IMPLEMENTATIONS = YES;
				CLANG_WARN_DIRECT_OBJC_ISA_USAGE = YES_ERROR;
				CLANG_WARN_DOCUMENTATION_COMMENTS = YES;
				CLANG_WARN_EMPTY_BODY = YES;
				CLANG_WARN_ENUM_CONVERSION = YES;
				CLANG_WARN_INFINITE_RECURSION = YES;
				CLANG_WARN_INT_CONVERSION = YES;
				CLANG_WARN_NON_LITERAL_NULL_CONVERSION = YES;
				CLANG_WARN_OBJC_IMPLICIT_RETAIN_SELF = YES;
				CLANG_WARN_OBJC_LITERAL_CONVERSION = YES;
				CLANG_WARN_OBJC_ROOT_CLASS = YES_ERROR;
				CLANG_WARN_QUOTED_INCLUDE_IN_FRAMEWORK_HEADER = YES;
				CLANG_WARN_RANGE_LOOP_ANALYSIS = YES;
				CLANG_WARN_STRICT_PROTOTYPES = YES;
				CLANG_WARN_SUSPICIOUS_MOVE = YES;
				CLANG_WARN_UNGUARDED_AVAILABILITY = YES_AGGRESSIVE;
				CLANG_WARN_UNREACHABLE_CODE = YES;
				CLANG_WARN__DUPLICATE_METHOD_MATCH = YES;
				COPY_PHASE_STRIP = NO;
				DEBUG_INFORMATION_FORMAT = "dwarf-with-dsym";
				ENABLE_NS_ASSERTIONS = NO;
				ENABLE_STRICT_OBJC_MSGSEND = YES;
				GCC_C_LANGUAGE_STANDARD = gnu11;
				GCC_NO_COMMON_BLOCKS = YES;
				GCC_WARN_64_TO_32_BIT_CONVERSION = YES;
				GCC_WARN_ABOUT_RETURN_TYPE = YES_ERROR;
				GCC_WARN_UNDECLARED_SELECTOR = YES;
				GCC_WARN_UNINITIALIZED_AUTOS = YES_AGGRESSIVE;
				GCC_WARN_UNUSED_FUNCTION = YES;
				GCC_WARN_UNUSED_VARIABLE = YES;
				IPHONEOS_DEPLOYMENT_TARGET = 14.3;
				MTL_ENABLE_DEBUG_INFO = NO;
				MTL_FAST_MATH = YES;
				SDKROOT = iphoneos;
				SWIFT_COMPILATION_MODE = wholemodule;
				SWIFT_OPTIMIZATION_LEVEL = "-O";
				VALIDATE_PRODUCT = YES;
			};
			name = Release;
		};
		535DEF5B25D9137D006C3049 /* Debug */ = {
			isa = XCBuildConfiguration;
			buildSettings = {
				ASSETCATALOG_COMPILER_APPICON_NAME = AppIcon;
				ASSETCATALOG_COMPILER_GLOBAL_ACCENT_COLOR_NAME = AccentColor;
				CODE_SIGN_STYLE = Automatic;
				DEVELOPMENT_ASSET_PATHS = "\"PAISEN/Preview Content\"";
				DEVELOPMENT_TEAM = RYAB8D6D3J;
				ENABLE_PREVIEWS = YES;
				INFOPLIST_FILE = PAISEN/Info.plist;
				IPHONEOS_DEPLOYMENT_TARGET = 14.0;
				LD_RUNPATH_SEARCH_PATHS = (
					"$(inherited)",
					"@executable_path/Frameworks",
				);
				PRODUCT_BUNDLE_IDENTIFIER = PAISEN.PAISEN;
				PRODUCT_NAME = "$(TARGET_NAME)";
				SWIFT_VERSION = 5.0;
				TARGETED_DEVICE_FAMILY = "1,2";
			};
			name = Debug;
		};
		535DEF5C25D9137D006C3049 /* Release */ = {
			isa = XCBuildConfiguration;
			buildSettings = {
				ASSETCATALOG_COMPILER_APPICON_NAME = AppIcon;
				ASSETCATALOG_COMPILER_GLOBAL_ACCENT_COLOR_NAME = AccentColor;
				CODE_SIGN_STYLE = Automatic;
				DEVELOPMENT_ASSET_PATHS = "\"PAISEN/Preview Content\"";
				DEVELOPMENT_TEAM = RYAB8D6D3J;
				ENABLE_PREVIEWS = YES;
				INFOPLIST_FILE = PAISEN/Info.plist;
				IPHONEOS_DEPLOYMENT_TARGET = 14.0;
				LD_RUNPATH_SEARCH_PATHS = (
					"$(inherited)",
					"@executable_path/Frameworks",
				);
				PRODUCT_BUNDLE_IDENTIFIER = PAISEN.PAISEN;
				PRODUCT_NAME = "$(TARGET_NAME)";
				SWIFT_VERSION = 5.0;
				TARGETED_DEVICE_FAMILY = "1,2";
			};
			name = Release;
		};
		535DEF5E25D9137D006C3049 /* Debug */ = {
			isa = XCBuildConfiguration;
			buildSettings = {
				ALWAYS_EMBED_SWIFT_STANDARD_LIBRARIES = YES;
				BUNDLE_LOADER = "$(TEST_HOST)";
				CODE_SIGN_STYLE = Automatic;
				DEVELOPMENT_TEAM = RYAB8D6D3J;
				INFOPLIST_FILE = PAISENTests/Info.plist;
				IPHONEOS_DEPLOYMENT_TARGET = 14.0;
				LD_RUNPATH_SEARCH_PATHS = (
					"$(inherited)",
					"@executable_path/Frameworks",
					"@loader_path/Frameworks",
				);
				PRODUCT_BUNDLE_IDENTIFIER = PAISEN.PAISENTests;
				PRODUCT_NAME = "$(TARGET_NAME)";
				SWIFT_VERSION = 5.0;
				TARGETED_DEVICE_FAMILY = "1,2";
				TEST_HOST = "$(BUILT_PRODUCTS_DIR)/PAISEN.app/PAISEN";
			};
			name = Debug;
		};
		535DEF5F25D9137D006C3049 /* Release */ = {
			isa = XCBuildConfiguration;
			buildSettings = {
				ALWAYS_EMBED_SWIFT_STANDARD_LIBRARIES = YES;
				BUNDLE_LOADER = "$(TEST_HOST)";
				CODE_SIGN_STYLE = Automatic;
				DEVELOPMENT_TEAM = RYAB8D6D3J;
				INFOPLIST_FILE = PAISENTests/Info.plist;
				IPHONEOS_DEPLOYMENT_TARGET = 14.0;
				LD_RUNPATH_SEARCH_PATHS = (
					"$(inherited)",
					"@executable_path/Frameworks",
					"@loader_path/Frameworks",
				);
				PRODUCT_BUNDLE_IDENTIFIER = PAISEN.PAISENTests;
				PRODUCT_NAME = "$(TARGET_NAME)";
				SWIFT_VERSION = 5.0;
				TARGETED_DEVICE_FAMILY = "1,2";
				TEST_HOST = "$(BUILT_PRODUCTS_DIR)/PAISEN.app/PAISEN";
			};
			name = Release;
		};
		535DEF6125D9137D006C3049 /* Debug */ = {
			isa = XCBuildConfiguration;
			buildSettings = {
				ALWAYS_EMBED_SWIFT_STANDARD_LIBRARIES = YES;
				CODE_SIGN_STYLE = Automatic;
				DEVELOPMENT_TEAM = RYAB8D6D3J;
				INFOPLIST_FILE = PAISENUITests/Info.plist;
				LD_RUNPATH_SEARCH_PATHS = (
					"$(inherited)",
					"@executable_path/Frameworks",
					"@loader_path/Frameworks",
				);
				PRODUCT_BUNDLE_IDENTIFIER = PAISEN.PAISENUITests;
				PRODUCT_NAME = "$(TARGET_NAME)";
				SWIFT_VERSION = 5.0;
				TARGETED_DEVICE_FAMILY = "1,2";
				TEST_TARGET_NAME = PAISEN;
			};
			name = Debug;
		};
		535DEF6225D9137D006C3049 /* Release */ = {
			isa = XCBuildConfiguration;
			buildSettings = {
				ALWAYS_EMBED_SWIFT_STANDARD_LIBRARIES = YES;
				CODE_SIGN_STYLE = Automatic;
				DEVELOPMENT_TEAM = RYAB8D6D3J;
				INFOPLIST_FILE = PAISENUITests/Info.plist;
				LD_RUNPATH_SEARCH_PATHS = (
					"$(inherited)",
					"@executable_path/Frameworks",
					"@loader_path/Frameworks",
				);
				PRODUCT_BUNDLE_IDENTIFIER = PAISEN.PAISENUITests;
				PRODUCT_NAME = "$(TARGET_NAME)";
				SWIFT_VERSION = 5.0;
				TARGETED_DEVICE_FAMILY = "1,2";
				TEST_TARGET_NAME = PAISEN;
			};
			name = Release;
		};
/* End XCBuildConfiguration section */

/* Begin XCConfigurationList section */
		535DEF3025D9137A006C3049 /* Build configuration list for PBXProject "PAISEN" */ = {
			isa = XCConfigurationList;
			buildConfigurations = (
				535DEF5825D9137D006C3049 /* Debug */,
				535DEF5925D9137D006C3049 /* Release */,
			);
			defaultConfigurationIsVisible = 0;
			defaultConfigurationName = Release;
		};
		535DEF5A25D9137D006C3049 /* Build configuration list for PBXNativeTarget "PAISEN" */ = {
			isa = XCConfigurationList;
			buildConfigurations = (
				535DEF5B25D9137D006C3049 /* Debug */,
				535DEF5C25D9137D006C3049 /* Release */,
			);
			defaultConfigurationIsVisible = 0;
			defaultConfigurationName = Release;
		};
		535DEF5D25D9137D006C3049 /* Build configuration list for PBXNativeTarget "PAISENTests" */ = {
			isa = XCConfigurationList;
			buildConfigurations = (
				535DEF5E25D9137D006C3049 /* Debug */,
				535DEF5F25D9137D006C3049 /* Release */,
			);
			defaultConfigurationIsVisible = 0;
			defaultConfigurationName = Release;
		};
		535DEF6025D9137D006C3049 /* Build configuration list for PBXNativeTarget "PAISENUITests" */ = {
			isa = XCConfigurationList;
			buildConfigurations = (
				535DEF6125D9137D006C3049 /* Debug */,
				535DEF6225D9137D006C3049 /* Release */,
			);
			defaultConfigurationIsVisible = 0;
			defaultConfigurationName = Release;
		};
/* End XCConfigurationList section */
	};
	rootObject = 535DEF2D25D9137A006C3049 /* Project object */;
}
